// !$*UTF8*$!
{
	archiveVersion = 1;
	classes = {
	};
	objectVersion = 46;
	objects = {

/* Begin PBXBuildFile section */
		1A3CA4231B4B86780032C5CC /* AppDelegate.swift in Sources */ = {isa = PBXBuildFile; fileRef = 1A3CA4221B4B86780032C5CC /* AppDelegate.swift */; };
		1A3CA4251B4B86780032C5CC /* ViewController.swift in Sources */ = {isa = PBXBuildFile; fileRef = 1A3CA4241B4B86780032C5CC /* ViewController.swift */; };
		1A3CA4281B4B86780032C5CC /* Main.storyboard in Resources */ = {isa = PBXBuildFile; fileRef = 1A3CA4261B4B86780032C5CC /* Main.storyboard */; };
		1A3CA42A1B4B86780032C5CC /* Images.xcassets in Resources */ = {isa = PBXBuildFile; fileRef = 1A3CA4291B4B86780032C5CC /* Images.xcassets */; };
		1A3CA42D1B4B86780032C5CC /* LaunchScreen.xib in Resources */ = {isa = PBXBuildFile; fileRef = 1A3CA42B1B4B86780032C5CC /* LaunchScreen.xib */; };
		1A3CA4391B4B86780032C5CC /* CYSystemVersionTests.swift in Sources */ = {isa = PBXBuildFile; fileRef = 1A3CA4381B4B86780032C5CC /* CYSystemVersionTests.swift */; };
		1A3CA4431B4B86930032C5CC /* CYSystemVersion.swift in Sources */ = {isa = PBXBuildFile; fileRef = 1A3CA4421B4B86930032C5CC /* CYSystemVersion.swift */; };
/* End PBXBuildFile section */

/* Begin PBXContainerItemProxy section */
		1A3CA4331B4B86780032C5CC /* PBXContainerItemProxy */ = {
			isa = PBXContainerItemProxy;
			containerPortal = 1A3CA4151B4B86780032C5CC /* Project object */;
			proxyType = 1;
			remoteGlobalIDString = 1A3CA41C1B4B86780032C5CC;
			remoteInfo = CYSystemVersion;
		};
/* End PBXContainerItemProxy section */

/* Begin PBXFileReference section */
		1A3CA41D1B4B86780032C5CC /* CYSystemVersion.app */ = {isa = PBXFileReference; explicitFileType = wrapper.application; includeInIndex = 0; path = CYSystemVersion.app; sourceTree = BUILT_PRODUCTS_DIR; };
		1A3CA4211B4B86780032C5CC /* Info.plist */ = {isa = PBXFileReference; lastKnownFileType = text.plist.xml; path = Info.plist; sourceTree = "<group>"; };
		1A3CA4221B4B86780032C5CC /* AppDelegate.swift */ = {isa = PBXFileReference; lastKnownFileType = sourcecode.swift; path = AppDelegate.swift; sourceTree = "<group>"; };
		1A3CA4241B4B86780032C5CC /* ViewController.swift */ = {isa = PBXFileReference; lastKnownFileType = sourcecode.swift; path = ViewController.swift; sourceTree = "<group>"; };
		1A3CA4271B4B86780032C5CC /* Base */ = {isa = PBXFileReference; lastKnownFileType = file.storyboard; name = Base; path = Base.lproj/Main.storyboard; sourceTree = "<group>"; };
		1A3CA4291B4B86780032C5CC /* Images.xcassets */ = {isa = PBXFileReference; lastKnownFileType = folder.assetcatalog; path = Images.xcassets; sourceTree = "<group>"; };
		1A3CA42C1B4B86780032C5CC /* Base */ = {isa = PBXFileReference; lastKnownFileType = file.xib; name = Base; path = Base.lproj/LaunchScreen.xib; sourceTree = "<group>"; };
		1A3CA4321B4B86780032C5CC /* CYSystemVersionTests.xctest */ = {isa = PBXFileReference; explicitFileType = wrapper.cfbundle; includeInIndex = 0; path = CYSystemVersionTests.xctest; sourceTree = BUILT_PRODUCTS_DIR; };
		1A3CA4371B4B86780032C5CC /* Info.plist */ = {isa = PBXFileReference; lastKnownFileType = text.plist.xml; path = Info.plist; sourceTree = "<group>"; };
		1A3CA4381B4B86780032C5CC /* CYSystemVersionTests.swift */ = {isa = PBXFileReference; lastKnownFileType = sourcecode.swift; path = CYSystemVersionTests.swift; sourceTree = "<group>"; };
		1A3CA4421B4B86930032C5CC /* CYSystemVersion.swift */ = {isa = PBXFileReference; fileEncoding = 4; lastKnownFileType = sourcecode.swift; path = CYSystemVersion.swift; sourceTree = "<group>"; };
/* End PBXFileReference section */

/* Begin PBXFrameworksBuildPhase section */
		1A3CA41A1B4B86780032C5CC /* Frameworks */ = {
			isa = PBXFrameworksBuildPhase;
			buildActionMask = 2147483647;
			files = (
			);
			runOnlyForDeploymentPostprocessing = 0;
		};
		1A3CA42F1B4B86780032C5CC /* Frameworks */ = {
			isa = PBXFrameworksBuildPhase;
			buildActionMask = 2147483647;
			files = (
			);
			runOnlyForDeploymentPostprocessing = 0;
		};
/* End PBXFrameworksBuildPhase section */

/* Begin PBXGroup section */
		1A3CA4141B4B86780032C5CC = {
			isa = PBXGroup;
			children = (
				1A3CA4421B4B86930032C5CC /* CYSystemVersion.swift */,
				1A3CA41F1B4B86780032C5CC /* CYSystemVersion */,
				1A3CA4351B4B86780032C5CC /* CYSystemVersionTests */,
				1A3CA41E1B4B86780032C5CC /* Products */,
			);
			sourceTree = "<group>";
		};
		1A3CA41E1B4B86780032C5CC /* Products */ = {
			isa = PBXGroup;
			children = (
				1A3CA41D1B4B86780032C5CC /* CYSystemVersion.app */,
				1A3CA4321B4B86780032C5CC /* CYSystemVersionTests.xctest */,
			);
			name = Products;
			sourceTree = "<group>";
		};
		1A3CA41F1B4B86780032C5CC /* CYSystemVersion */ = {
			isa = PBXGroup;
			children = (
				1A3CA4221B4B86780032C5CC /* AppDelegate.swift */,
				1A3CA4241B4B86780032C5CC /* ViewController.swift */,
				1A3CA4261B4B86780032C5CC /* Main.storyboard */,
				1A3CA4291B4B86780032C5CC /* Images.xcassets */,
				1A3CA42B1B4B86780032C5CC /* LaunchScreen.xib */,
				1A3CA4201B4B86780032C5CC /* Supporting Files */,
			);
			path = CYSystemVersion;
			sourceTree = "<group>";
		};
		1A3CA4201B4B86780032C5CC /* Supporting Files */ = {
			isa = PBXGroup;
			children = (
				1A3CA4211B4B86780032C5CC /* Info.plist */,
			);
			name = "Supporting Files";
			sourceTree = "<group>";
		};
		1A3CA4351B4B86780032C5CC /* CYSystemVersionTests */ = {
			isa = PBXGroup;
			children = (
				1A3CA4381B4B86780032C5CC /* CYSystemVersionTests.swift */,
				1A3CA4361B4B86780032C5CC /* Supporting Files */,
			);
			path = CYSystemVersionTests;
			sourceTree = "<group>";
		};
		1A3CA4361B4B86780032C5CC /* Supporting Files */ = {
			isa = PBXGroup;
			children = (
				1A3CA4371B4B86780032C5CC /* Info.plist */,
			);
			name = "Supporting Files";
			sourceTree = "<group>";
		};
/* End PBXGroup section */

/* Begin PBXNativeTarget section */
		1A3CA41C1B4B86780032C5CC /* CYSystemVersion */ = {
			isa = PBXNativeTarget;
			buildConfigurationList = 1A3CA43C1B4B86780032C5CC /* Build configuration list for PBXNativeTarget "CYSystemVersion" */;
			buildPhases = (
				1A3CA4191B4B86780032C5CC /* Sources */,
				1A3CA41A1B4B86780032C5CC /* Frameworks */,
				1A3CA41B1B4B86780032C5CC /* Resources */,
			);
			buildRules = (
			);
			dependencies = (
			);
			name = CYSystemVersion;
			productName = CYSystemVersion;
			productReference = 1A3CA41D1B4B86780032C5CC /* CYSystemVersion.app */;
			productType = "com.apple.product-type.application";
		};
		1A3CA4311B4B86780032C5CC /* CYSystemVersionTests */ = {
			isa = PBXNativeTarget;
			buildConfigurationList = 1A3CA43F1B4B86780032C5CC /* Build configuration list for PBXNativeTarget "CYSystemVersionTests" */;
			buildPhases = (
				1A3CA42E1B4B86780032C5CC /* Sources */,
				1A3CA42F1B4B86780032C5CC /* Frameworks */,
				1A3CA4301B4B86780032C5CC /* Resources */,
			);
			buildRules = (
			);
			dependencies = (
				1A3CA4341B4B86780032C5CC /* PBXTargetDependency */,
			);
			name = CYSystemVersionTests;
			productName = CYSystemVersionTests;
			productReference = 1A3CA4321B4B86780032C5CC /* CYSystemVersionTests.xctest */;
			productType = "com.apple.product-type.bundle.unit-test";
		};
/* End PBXNativeTarget section */

/* Begin PBXProject section */
		1A3CA4151B4B86780032C5CC /* Project object */ = {
			isa = PBXProject;
			attributes = {
				LastUpgradeCheck = 0630;
				ORGANIZATIONNAME = YuriJou;
				TargetAttributes = {
					1A3CA41C1B4B86780032C5CC = {
						CreatedOnToolsVersion = 6.3.2;
					};
					1A3CA4311B4B86780032C5CC = {
						CreatedOnToolsVersion = 6.3.2;
						TestTargetID = 1A3CA41C1B4B86780032C5CC;
					};
				};
			};
			buildConfigurationList = 1A3CA4181B4B86780032C5CC /* Build configuration list for PBXProject "CYSystemVersion" */;
			compatibilityVersion = "Xcode 3.2";
			developmentRegion = English;
			hasScannedForEncodings = 0;
			knownRegions = (
				en,
				Base,
			);
			mainGroup = 1A3CA4141B4B86780032C5CC;
			productRefGroup = 1A3CA41E1B4B86780032C5CC /* Products */;
			projectDirPath = "";
			projectRoot = "";
			targets = (
				1A3CA41C1B4B86780032C5CC /* CYSystemVersion */,
				1A3CA4311B4B86780032C5CC /* CYSystemVersionTests */,
			);
		};
/* End PBXProject section */

/* Begin PBXResourcesBuildPhase section */
		1A3CA41B1B4B86780032C5CC /* Resources */ = {
			isa = PBXResourcesBuildPhase;
			buildActionMask = 2147483647;
			files = (
				1A3CA4281B4B86780032C5CC /* Main.storyboard in Resources */,
				1A3CA42D1B4B86780032C5CC /* LaunchScreen.xib in Resources */,
				1A3CA42A1B4B86780032C5CC /* Images.xcassets in Resources */,
			);
			runOnlyForDeploymentPostprocessing = 0;
		};
		1A3CA4301B4B86780032C5CC /* Resources */ = {
			isa = PBXResourcesBuildPhase;
			buildActionMask = 2147483647;
			files = (
			);
			runOnlyForDeploymentPostprocessing = 0;
		};
/* End PBXResourcesBuildPhase section */

/* Begin PBXSourcesBuildPhase section */
		1A3CA4191B4B86780032C5CC /* Sources */ = {
			isa = PBXSourcesBuildPhase;
			buildActionMask = 2147483647;
			files = (
				1A3CA4251B4B86780032C5CC /* ViewController.swift in Sources */,
				1A3CA4231B4B86780032C5CC /* AppDelegate.swift in Sources */,
				1A3CA4431B4B86930032C5CC /* CYSystemVersion.swift in Sources */,
			);
			runOnlyForDeploymentPostprocessing = 0;
		};
		1A3CA42E1B4B86780032C5CC /* Sources */ = {
			isa = PBXSourcesBuildPhase;
			buildActionMask = 2147483647;
			files = (
				1A3CA4391B4B86780032C5CC /* CYSystemVersionTests.swift in Sources */,
			);
			runOnlyForDeploymentPostprocessing = 0;
		};
/* End PBXSourcesBuildPhase section */

/* Begin PBXTargetDependency section */
		1A3CA4341B4B86780032C5CC /* PBXTargetDependency */ = {
			isa = PBXTargetDependency;
			target = 1A3CA41C1B4B86780032C5CC /* CYSystemVersion */;
			targetProxy = 1A3CA4331B4B86780032C5CC /* PBXContainerItemProxy */;
		};
/* End PBXTargetDependency section */

/* Begin PBXVariantGroup section */
		1A3CA4261B4B86780032C5CC /* Main.storyboard */ = {
			isa = PBXVariantGroup;
			children = (
				1A3CA4271B4B86780032C5CC /* Base */,
			);
			name = Main.storyboard;
			sourceTree = "<group>";
		};
		1A3CA42B1B4B86780032C5CC /* LaunchScreen.xib */ = {
			isa = PBXVariantGroup;
			children = (
				1A3CA42C1B4B86780032C5CC /* Base */,
			);
			name = LaunchScreen.xib;
			sourceTree = "<group>";
		};
/* End PBXVariantGroup section */

/* Begin XCBuildConfiguration section */
		1A3CA43A1B4B86780032C5CC /* Debug */ = {
			isa = XCBuildConfiguration;
			buildSettings = {
				ALWAYS_SEARCH_USER_PATHS = NO;
				CLANG_CXX_LANGUAGE_STANDARD = "gnu++0x";
				CLANG_CXX_LIBRARY = "libc++";
				CLANG_ENABLE_MODULES = YES;
				CLANG_ENABLE_OBJC_ARC = YES;
				CLANG_WARN_BOOL_CONVERSION = YES;
				CLANG_WARN_CONSTANT_CONVERSION = YES;
				CLANG_WARN_DIRECT_OBJC_ISA_USAGE = YES_ERROR;
				CLANG_WARN_EMPTY_BODY = YES;
				CLANG_WARN_ENUM_CONVERSION = YES;
				CLANG_WARN_INT_CONVERSION = YES;
				CLANG_WARN_OBJC_ROOT_CLASS = YES_ERROR;
				CLANG_WARN_UNREACHABLE_CODE = YES;
				CLANG_WARN__DUPLICATE_METHOD_MATCH = YES;
				"CODE_SIGN_IDENTITY[sdk=iphoneos*]" = "iPhone Developer";
				COPY_PHASE_STRIP = NO;
				DEBUG_INFORMATION_FORMAT = "dwarf-with-dsym";
				ENABLE_STRICT_OBJC_MSGSEND = YES;
				GCC_C_LANGUAGE_STANDARD = gnu99;
				GCC_DYNAMIC_NO_PIC = NO;
				GCC_NO_COMMON_BLOCKS = YES;
				GCC_OPTIMIZATION_LEVEL = 0;
				GCC_PREPROCESSOR_DEFINITIONS = (
					"DEBUG=1",
					"$(inherited)",
				);
				GCC_SYMBOLS_PRIVATE_EXTERN = NO;
				GCC_WARN_64_TO_32_BIT_CONVERSION = YES;
				GCC_WARN_ABOUT_RETURN_TYPE = YES_ERROR;
				GCC_WARN_UNDECLARED_SELECTOR = YES;
				GCC_WARN_UNINITIALIZED_AUTOS = YES_AGGRESSIVE;
				GCC_WARN_UNUSED_FUNCTION = YES;
				GCC_WARN_UNUSED_VARIABLE = YES;
				IPHONEOS_DEPLOYMENT_TARGET = 8.3;
				MTL_ENABLE_DEBUG_INFO = YES;
				ONLY_ACTIVE_ARCH = YES;
				SDKROOT = iphoneos;
				SWIFT_OPTIMIZATION_LEVEL = "-Onone";
				TARGETED_DEVICE_FAMILY = "1,2";
			};
			name = Debug;
		};
		1A3CA43B1B4B86780032C5CC /* Release */ = {
			isa = XCBuildConfiguration;
			buildSettings = {
				ALWAYS_SEARCH_USER_PATHS = NO;
				CLANG_CXX_LANGUAGE_STANDARD = "gnu++0x";
				CLANG_CXX_LIBRARY = "libc++";
				CLANG_ENABLE_MODULES = YES;
				CLANG_ENABLE_OBJC_ARC = YES;
				CLANG_WARN_BOOL_CONVERSION = YES;
				CLANG_WARN_CONSTANT_CONVERSION = YES;
				CLANG_WARN_DIRECT_OBJC_ISA_USAGE = YES_ERROR;
				CLANG_WARN_EMPTY_BODY = YES;
				CLANG_WARN_ENUM_CONVERSION = YES;
				CLANG_WARN_INT_CONVERSION = YES;
				CLANG_WARN_OBJC_ROOT_CLASS = YES_ERROR;
				CLANG_WARN_UNREACHABLE_CODE = YES;
				CLANG_WARN__DUPLICATE_METHOD_MATCH = YES;
				"CODE_SIGN_IDENTITY[sdk=iphoneos*]" = "iPhone Developer";
				COPY_PHASE_STRIP = NO;
				DEBUG_INFORMATION_FORMAT = "dwarf-with-dsym";
				ENABLE_NS_ASSERTIONS = NO;
				ENABLE_STRICT_OBJC_MSGSEND = YES;
				GCC_C_LANGUAGE_STANDARD = gnu99;
				GCC_NO_COMMON_BLOCKS = YES;
				GCC_WARN_64_TO_32_BIT_CONVERSION = YES;
				GCC_WARN_ABOUT_RETURN_TYPE = YES_ERROR;
				GCC_WARN_UNDECLARED_SELECTOR = YES;
				GCC_WARN_UNINITIALIZED_AUTOS = YES_AGGRESSIVE;
				GCC_WARN_UNUSED_FUNCTION = YES;
				GCC_WARN_UNUSED_VARIABLE = YES;
				IPHONEOS_DEPLOYMENT_TARGET = 8.3;
				MTL_ENABLE_DEBUG_INFO = NO;
				SDKROOT = iphoneos;
				TARGETED_DEVICE_FAMILY = "1,2";
				VALIDATE_PRODUCT = YES;
			};
			name = Release;
		};
		1A3CA43D1B4B86780032C5CC /* Debug */ = {
			isa = XCBuildConfiguration;
			buildSettings = {
				ASSETCATALOG_COMPILER_APPICON_NAME = AppIcon;
				INFOPLIST_FILE = CYSystemVersion/Info.plist;
				LD_RUNPATH_SEARCH_PATHS = "$(inherited) @executable_path/Frameworks";
				PRODUCT_NAME = "$(TARGET_NAME)";
			};
			name = Debug;
		};
		1A3CA43E1B4B86780032C5CC /* Release */ = {
			isa = XCBuildConfiguration;
			buildSettings = {
				ASSETCATALOG_COMPILER_APPICON_NAME = AppIcon;
				INFOPLIST_FILE = CYSystemVersion/Info.plist;
				LD_RUNPATH_SEARCH_PATHS = "$(inherited) @executable_path/Frameworks";
				PRODUCT_NAME = "$(TARGET_NAME)";
			};
			name = Release;
		};
		1A3CA4401B4B86780032C5CC /* Debug */ = {
			isa = XCBuildConfiguration;
			buildSettings = {
				BUNDLE_LOADER = "$(TEST_HOST)";
				FRAMEWORK_SEARCH_PATHS = (
					"$(SDKROOT)/Developer/Library/Frameworks",
					"$(inherited)",
				);
				GCC_PREPROCESSOR_DEFINITIONS = (
					"DEBUG=1",
					"$(inherited)",
				);
				INFOPLIST_FILE = CYSystemVersionTests/Info.plist;
				LD_RUNPATH_SEARCH_PATHS = "$(inherited) @executable_path/Frameworks @loader_path/Frameworks";
				PRODUCT_NAME = "$(TARGET_NAME)";
				TEST_HOST = "$(BUILT_PRODUCTS_DIR)/CYSystemVersion.app/CYSystemVersion";
			};
			name = Debug;
		};
		1A3CA4411B4B86780032C5CC /* Release */ = {
			isa = XCBuildConfiguration;
			buildSettings = {
				BUNDLE_LOADER = "$(TEST_HOST)";
				FRAMEWORK_SEARCH_PATHS = (
					"$(SDKROOT)/Developer/Library/Frameworks",
					"$(inherited)",
				);
				INFOPLIST_FILE = CYSystemVersionTests/Info.plist;
				LD_RUNPATH_SEARCH_PATHS = "$(inherited) @executable_path/Frameworks @loader_path/Frameworks";
				PRODUCT_NAME = "$(TARGET_NAME)";
				TEST_HOST = "$(BUILT_PRODUCTS_DIR)/CYSystemVersion.app/CYSystemVersion";
			};
			name = Release;
		};
/* End XCBuildConfiguration section */

/* Begin XCConfigurationList section */
		1A3CA4181B4B86780032C5CC /* Build configuration list for PBXProject "CYSystemVersion" */ = {
			isa = XCConfigurationList;
			buildConfigurations = (
				1A3CA43A1B4B86780032C5CC /* Debug */,
				1A3CA43B1B4B86780032C5CC /* Release */,
			);
			defaultConfigurationIsVisible = 0;
			defaultConfigurationName = Release;
		};
		1A3CA43C1B4B86780032C5CC /* Build configuration list for PBXNativeTarget "CYSystemVersion" */ = {
			isa = XCConfigurationList;
			buildConfigurations = (
				1A3CA43D1B4B86780032C5CC /* Debug */,
				1A3CA43E1B4B86780032C5CC /* Release */,
			);
			defaultConfigurationIsVisible = 0;
		};
		1A3CA43F1B4B86780032C5CC /* Build configuration list for PBXNativeTarget "CYSystemVersionTests" */ = {
			isa = XCConfigurationList;
			buildConfigurations = (
				1A3CA4401B4B86780032C5CC /* Debug */,
				1A3CA4411B4B86780032C5CC /* Release */,
			);
			defaultConfigurationIsVisible = 0;
		};
/* End XCConfigurationList section */
	};
	rootObject = 1A3CA4151B4B86780032C5CC /* Project object */;
}
